
Microsoft Visual Studio Solution File, Format Version 11.00
# Visual Studio 2010
Project("{FAE04EC0-301F-11D3-BF4B-00C04F79EFBC}") = "EbixAdvPDFService", "EbixAdvPDFService\EbixAdvPDFService.csproj", "{F2FB6A0A-EE0B-4415-95F6-C25464D77899}"
EndProject
Project("{54435603-DBB4-11D2-8724-00A0C9A8B90C}") = "EbixAdvPDFServiceInstaller", "EbixAdvPDFServiceInstaller\EbixAdvPDFServiceInstaller.vdproj", "{E7DC0385-3324-4BF9-BC7E-5AB73EED9CC6}"
EndProject
Global
	GlobalSection(TeamFoundationVersionControl) = preSolution
		SccNumberOfProjects = 3
		SccEnterpriseProvider = {4CA58AB2-18FA-4F8D-95D4-32DDF27D184C}
		SccTeamFoundationServer = https://teamserver.ebix.com/tfs/ebixpnc
		SccLocalPath0 = .
		SccProjectUniqueName1 = EbixAdvPDFService\\EbixAdvPDFService.csproj
		SccProjectName1 = EbixAdvPDFService
		SccLocalPath1 = EbixAdvPDFService
		SccProjectUniqueName2 = EbixAdvPDFServiceInstaller\\EbixAdvPDFServiceInstaller.vdproj
		SccProjectName2 = EbixAdvPDFServiceInstaller
		SccLocalPath2 = EbixAdvPDFServiceInstaller
	EndGlobalSection
	GlobalSection(SolutionConfigurationPlatforms) = preSolution
		Debug|Any CPU = Debug|Any CPU
		Release|Any CPU = Release|Any CPU
	EndGlobalSection
	GlobalSection(ProjectConfigurationPlatforms) = postSolution
		{F2FB6A0A-EE0B-4415-95F6-C25464D77899}.Debug|Any CPU.ActiveCfg = Debug|Any CPU
		{F2FB6A0A-EE0B-4415-95F6-C25464D77899}.Debug|Any CPU.Build.0 = Debug|Any CPU
		{F2FB6A0A-EE0B-4415-95F6-C25464D77899}.Release|Any CPU.ActiveCfg = Release|Any CPU
		{F2FB6A0A-EE0B-4415-95F6-C25464D77899}.Release|Any CPU.Build.0 = Release|Any CPU
		{E7DC0385-3324-4BF9-BC7E-5AB73EED9CC6}.Debug|Any CPU.ActiveCfg = Debug
		{E7DC0385-3324-4BF9-BC7E-5AB73EED9CC6}.Release|Any CPU.ActiveCfg = Release
	EndGlobalSection
	GlobalSection(SolutionProperties) = preSolution
		HideSolutionNode = FALSE
	EndGlobalSection
EndGlobal
