
Microsoft Visual Studio Solution File, Format Version 11.00
# Visual Studio 2010
Project("{FAE04EC0-301F-11D3-BF4B-00C04F79EFBC}") = "EODCommon", "EODCommon\EODCommon.csproj", "{D82B791C-A927-4466-AB2C-A2586D256315}"
EndProject
Project("{FAE04EC0-301F-11D3-BF4B-00C04F79EFBC}") = "EODPolicyProcesses", "EODPolicyProcesses\EODPolicyProcesses.csproj", "{D8190064-081E-4E13-9367-4A92F7E70661}"
EndProject
Project("{FAE04EC0-301F-11D3-BF4B-00C04F79EFBC}") = "EODAccounts", "EODAccounts\EODAccounts.csproj", "{3768339C-1AAB-44EB-8EBA-AAAB23549004}"
EndProject
Project("{FAE04EC0-301F-11D3-BF4B-00C04F79EFBC}") = "ServiceManagerDesktop", "ServiceManagerDesktop\ServiceManagerDesktop.csproj", "{547E2385-6781-40A6-961E-163BEB914866}"
EndProject
Project("{FAE04EC0-301F-11D3-BF4B-00C04F79EFBC}") = "EbixEODServiceManager", "EbixEODServiceManager\EbixEODServiceManager.csproj", "{A24EA8B4-9258-447F-A77B-04C70832B8FC}"
EndProject
Project("{54435603-DBB4-11D2-8724-00A0C9A8B90C}") = "EbixAdvantage EOD Service", "Ebix EOD Service\Ebix EOD Service.vdproj", "{EC9D6110-65DC-4E8F-A604-3196613165BF}"
EndProject
Project("{FAE04EC0-301F-11D3-BF4B-00C04F79EFBC}") = "EODClaims", "EODClaims\EODClaims.csproj", "{80ACC9C3-E0B2-4A60-8038-8683365129CD}"
EndProject
Global
	GlobalSection(SolutionConfigurationPlatforms) = preSolution
		Debug|Any CPU = Debug|Any CPU
		Release|Any CPU = Release|Any CPU
	EndGlobalSection
	GlobalSection(ProjectConfigurationPlatforms) = postSolution
		{D82B791C-A927-4466-AB2C-A2586D256315}.Debug|Any CPU.ActiveCfg = Debug|Any CPU
		{D82B791C-A927-4466-AB2C-A2586D256315}.Debug|Any CPU.Build.0 = Debug|Any CPU
		{D82B791C-A927-4466-AB2C-A2586D256315}.Release|Any CPU.ActiveCfg = Release|Any CPU
		{D82B791C-A927-4466-AB2C-A2586D256315}.Release|Any CPU.Build.0 = Release|Any CPU
		{D8190064-081E-4E13-9367-4A92F7E70661}.Debug|Any CPU.ActiveCfg = Debug|Any CPU
		{D8190064-081E-4E13-9367-4A92F7E70661}.Debug|Any CPU.Build.0 = Debug|Any CPU
		{D8190064-081E-4E13-9367-4A92F7E70661}.Release|Any CPU.ActiveCfg = Release|Any CPU
		{D8190064-081E-4E13-9367-4A92F7E70661}.Release|Any CPU.Build.0 = Release|Any CPU
		{3768339C-1AAB-44EB-8EBA-AAAB23549004}.Debug|Any CPU.ActiveCfg = Debug|Any CPU
		{3768339C-1AAB-44EB-8EBA-AAAB23549004}.Debug|Any CPU.Build.0 = Debug|Any CPU
		{3768339C-1AAB-44EB-8EBA-AAAB23549004}.Release|Any CPU.ActiveCfg = Release|Any CPU
		{3768339C-1AAB-44EB-8EBA-AAAB23549004}.Release|Any CPU.Build.0 = Release|Any CPU
		{547E2385-6781-40A6-961E-163BEB914866}.Debug|Any CPU.ActiveCfg = Debug|Any CPU
		{547E2385-6781-40A6-961E-163BEB914866}.Debug|Any CPU.Build.0 = Debug|Any CPU
		{547E2385-6781-40A6-961E-163BEB914866}.Release|Any CPU.ActiveCfg = Release|Any CPU
		{547E2385-6781-40A6-961E-163BEB914866}.Release|Any CPU.Build.0 = Release|Any CPU
		{A24EA8B4-9258-447F-A77B-04C70832B8FC}.Debug|Any CPU.ActiveCfg = Debug|Any CPU
		{A24EA8B4-9258-447F-A77B-04C70832B8FC}.Debug|Any CPU.Build.0 = Debug|Any CPU
		{A24EA8B4-9258-447F-A77B-04C70832B8FC}.Release|Any CPU.ActiveCfg = Release|Any CPU
		{A24EA8B4-9258-447F-A77B-04C70832B8FC}.Release|Any CPU.Build.0 = Release|Any CPU
		{EC9D6110-65DC-4E8F-A604-3196613165BF}.Debug|Any CPU.ActiveCfg = Debug
		{EC9D6110-65DC-4E8F-A604-3196613165BF}.Release|Any CPU.ActiveCfg = Release
		{80ACC9C3-E0B2-4A60-8038-8683365129CD}.Debug|Any CPU.ActiveCfg = Debug|Any CPU
		{80ACC9C3-E0B2-4A60-8038-8683365129CD}.Debug|Any CPU.Build.0 = Debug|Any CPU
		{80ACC9C3-E0B2-4A60-8038-8683365129CD}.Release|Any CPU.ActiveCfg = Release|Any CPU
		{80ACC9C3-E0B2-4A60-8038-8683365129CD}.Release|Any CPU.Build.0 = Release|Any CPU
	EndGlobalSection
	GlobalSection(SolutionProperties) = preSolution
		HideSolutionNode = FALSE
	EndGlobalSection
EndGlobal
