
Microsoft Visual Studio Solution File, Format Version 11.00
# Visual Studio 2010
Project("{FAE04EC0-301F-11D3-BF4B-00C04F79EFBC}") = "MCAS.Web", "MCAS\MCAS.Web.csproj", "{61515F40-7E68-481F-8C48-35DCECC4C55B}"
EndProject
Project("{FAE04EC0-301F-11D3-BF4B-00C04F79EFBC}") = "MCAS.Entity", "MCAS.Entity\MCAS.Entity.csproj", "{217D73D7-B4A4-4885-8F8E-A53EA9B443BE}"
EndProject
Project("{FAE04EC0-301F-11D3-BF4B-00C04F79EFBC}") = "MCAS.Web.Objects", "MCAS.Web.Objects\MCAS.Web.Objects.csproj", "{450619DF-D51F-45B1-BBC6-B0EA269D1C1D}"
EndProject
Project("{FAE04EC0-301F-11D3-BF4B-00C04F79EFBC}") = "MCAS.Globalisation", "MCAS.Globalisation\MCAS.Globalisation.csproj", "{74DCDC62-E7B3-44D0-808D-5CA389893C2B}"
EndProject
Project("{FAE04EC0-301F-11D3-BF4B-00C04F79EFBC}") = "MCAS.ExceptionPublisher", "MCAS.ExceptionPublisher\MCAS.ExceptionPublisher.csproj", "{B4A9B305-0471-4FC3-AEE6-D34F14DA6029}"
EndProject
Global
	GlobalSection(TeamFoundationVersionControl) = preSolution
		SccNumberOfProjects = 4
		SccEnterpriseProvider = {4CA58AB2-18FA-4F8D-95D4-32DDF27D184C}
		SccTeamFoundationServer = https://teamserver.ebix.com/tfs/ebixpnc
		SccLocalPath0 = .
		SccProjectUniqueName1 = MCAS.Entity\\MCAS.Entity.csproj
		SccProjectName1 = MCAS.Entity
		SccLocalPath1 = MCAS.Entity
		SccProjectUniqueName2 = MCAS.Web.Objects\\MCAS.Web.Objects.csproj
		SccProjectName2 = MCAS.Web.Objects
		SccLocalPath2 = MCAS.Web.Objects
		SccProjectUniqueName3 = MCAS.ExceptionPublisher\\MCAS.ExceptionPublisher.csproj
		SccProjectName3 = MCAS.ExceptionPublisher
		SccLocalPath3 = MCAS.ExceptionPublisher
	EndGlobalSection
	GlobalSection(SolutionConfigurationPlatforms) = preSolution
		Debug|Any CPU = Debug|Any CPU
		Debug|Mixed Platforms = Debug|Mixed Platforms
		Debug|x86 = Debug|x86
		Release|Any CPU = Release|Any CPU
		Release|Mixed Platforms = Release|Mixed Platforms
		Release|x86 = Release|x86
	EndGlobalSection
	GlobalSection(ProjectConfigurationPlatforms) = postSolution
		{61515F40-7E68-481F-8C48-35DCECC4C55B}.Debug|Any CPU.ActiveCfg = Debug|Any CPU
		{61515F40-7E68-481F-8C48-35DCECC4C55B}.Debug|Any CPU.Build.0 = Debug|Any CPU
		{61515F40-7E68-481F-8C48-35DCECC4C55B}.Debug|Mixed Platforms.ActiveCfg = Debug|Any CPU
		{61515F40-7E68-481F-8C48-35DCECC4C55B}.Debug|Mixed Platforms.Build.0 = Debug|Any CPU
		{61515F40-7E68-481F-8C48-35DCECC4C55B}.Debug|x86.ActiveCfg = Debug|Any CPU
		{61515F40-7E68-481F-8C48-35DCECC4C55B}.Release|Any CPU.ActiveCfg = Release|Any CPU
		{61515F40-7E68-481F-8C48-35DCECC4C55B}.Release|Any CPU.Build.0 = Release|Any CPU
		{61515F40-7E68-481F-8C48-35DCECC4C55B}.Release|Mixed Platforms.ActiveCfg = Release|Any CPU
		{61515F40-7E68-481F-8C48-35DCECC4C55B}.Release|Mixed Platforms.Build.0 = Release|Any CPU
		{61515F40-7E68-481F-8C48-35DCECC4C55B}.Release|x86.ActiveCfg = Release|Any CPU
		{217D73D7-B4A4-4885-8F8E-A53EA9B443BE}.Debug|Any CPU.ActiveCfg = Debug|Any CPU
		{217D73D7-B4A4-4885-8F8E-A53EA9B443BE}.Debug|Any CPU.Build.0 = Debug|Any CPU
		{217D73D7-B4A4-4885-8F8E-A53EA9B443BE}.Debug|Mixed Platforms.ActiveCfg = Debug|Any CPU
		{217D73D7-B4A4-4885-8F8E-A53EA9B443BE}.Debug|Mixed Platforms.Build.0 = Debug|Any CPU
		{217D73D7-B4A4-4885-8F8E-A53EA9B443BE}.Debug|x86.ActiveCfg = Debug|Any CPU
		{217D73D7-B4A4-4885-8F8E-A53EA9B443BE}.Release|Any CPU.ActiveCfg = Release|Any CPU
		{217D73D7-B4A4-4885-8F8E-A53EA9B443BE}.Release|Any CPU.Build.0 = Release|Any CPU
		{217D73D7-B4A4-4885-8F8E-A53EA9B443BE}.Release|Mixed Platforms.ActiveCfg = Release|Any CPU
		{217D73D7-B4A4-4885-8F8E-A53EA9B443BE}.Release|Mixed Platforms.Build.0 = Release|Any CPU
		{217D73D7-B4A4-4885-8F8E-A53EA9B443BE}.Release|x86.ActiveCfg = Release|Any CPU
		{450619DF-D51F-45B1-BBC6-B0EA269D1C1D}.Debug|Any CPU.ActiveCfg = Debug|Any CPU
		{450619DF-D51F-45B1-BBC6-B0EA269D1C1D}.Debug|Any CPU.Build.0 = Debug|Any CPU
		{450619DF-D51F-45B1-BBC6-B0EA269D1C1D}.Debug|Mixed Platforms.ActiveCfg = Debug|Any CPU
		{450619DF-D51F-45B1-BBC6-B0EA269D1C1D}.Debug|Mixed Platforms.Build.0 = Debug|Any CPU
		{450619DF-D51F-45B1-BBC6-B0EA269D1C1D}.Debug|x86.ActiveCfg = Debug|Any CPU
		{450619DF-D51F-45B1-BBC6-B0EA269D1C1D}.Release|Any CPU.ActiveCfg = Release|Any CPU
		{450619DF-D51F-45B1-BBC6-B0EA269D1C1D}.Release|Any CPU.Build.0 = Release|Any CPU
		{450619DF-D51F-45B1-BBC6-B0EA269D1C1D}.Release|Mixed Platforms.ActiveCfg = Release|Any CPU
		{450619DF-D51F-45B1-BBC6-B0EA269D1C1D}.Release|Mixed Platforms.Build.0 = Release|Any CPU
		{450619DF-D51F-45B1-BBC6-B0EA269D1C1D}.Release|x86.ActiveCfg = Release|Any CPU
		{74DCDC62-E7B3-44D0-808D-5CA389893C2B}.Debug|Any CPU.ActiveCfg = Debug|Any CPU
		{74DCDC62-E7B3-44D0-808D-5CA389893C2B}.Debug|Any CPU.Build.0 = Debug|Any CPU
		{74DCDC62-E7B3-44D0-808D-5CA389893C2B}.Debug|Mixed Platforms.ActiveCfg = Debug|Any CPU
		{74DCDC62-E7B3-44D0-808D-5CA389893C2B}.Debug|Mixed Platforms.Build.0 = Debug|Any CPU
		{74DCDC62-E7B3-44D0-808D-5CA389893C2B}.Debug|x86.ActiveCfg = Debug|Any CPU
		{74DCDC62-E7B3-44D0-808D-5CA389893C2B}.Release|Any CPU.ActiveCfg = Release|Any CPU
		{74DCDC62-E7B3-44D0-808D-5CA389893C2B}.Release|Any CPU.Build.0 = Release|Any CPU
		{74DCDC62-E7B3-44D0-808D-5CA389893C2B}.Release|Mixed Platforms.ActiveCfg = Release|Any CPU
		{74DCDC62-E7B3-44D0-808D-5CA389893C2B}.Release|Mixed Platforms.Build.0 = Release|Any CPU
		{74DCDC62-E7B3-44D0-808D-5CA389893C2B}.Release|x86.ActiveCfg = Release|Any CPU
		{B4A9B305-0471-4FC3-AEE6-D34F14DA6029}.Debug|Any CPU.ActiveCfg = Debug|x86
		{B4A9B305-0471-4FC3-AEE6-D34F14DA6029}.Debug|Mixed Platforms.ActiveCfg = Debug|x86
		{B4A9B305-0471-4FC3-AEE6-D34F14DA6029}.Debug|Mixed Platforms.Build.0 = Debug|x86
		{B4A9B305-0471-4FC3-AEE6-D34F14DA6029}.Debug|x86.ActiveCfg = Debug|x86
		{B4A9B305-0471-4FC3-AEE6-D34F14DA6029}.Debug|x86.Build.0 = Debug|x86
		{B4A9B305-0471-4FC3-AEE6-D34F14DA6029}.Release|Any CPU.ActiveCfg = Release|x86
		{B4A9B305-0471-4FC3-AEE6-D34F14DA6029}.Release|Mixed Platforms.ActiveCfg = Release|x86
		{B4A9B305-0471-4FC3-AEE6-D34F14DA6029}.Release|Mixed Platforms.Build.0 = Release|x86
		{B4A9B305-0471-4FC3-AEE6-D34F14DA6029}.Release|x86.ActiveCfg = Release|x86
		{B4A9B305-0471-4FC3-AEE6-D34F14DA6029}.Release|x86.Build.0 = Release|x86
	EndGlobalSection
	GlobalSection(SolutionProperties) = preSolution
		HideSolutionNode = FALSE
	EndGlobalSection
EndGlobal
