
Microsoft Visual Studio Solution File, Format Version 11.00
# Visual Studio 2010
Project("{FAE04EC0-301F-11D3-BF4B-00C04F79EFBC}") = "Cms", "Cms.csproj", "{4E169B82-0A4B-4C69-B642-91C5C1516528}"
EndProject
Project("{FAE04EC0-301F-11D3-BF4B-00C04F79EFBC}") = "BlCommon", "..\BusinessLayer\BlCommon\BlCommon.csproj", "{9C17273B-F9AA-4DCE-B344-4BFD098134AA}"
EndProject
Project("{FAE04EC0-301F-11D3-BF4B-00C04F79EFBC}") = "BlAccount", "..\BusinessLayer\BlAccount\BlAccount.csproj", "{B69C8E73-4B43-4FA6-8F9F-1E7173C169C8}"
EndProject
Project("{FAE04EC0-301F-11D3-BF4B-00C04F79EFBC}") = "Blapplication", "..\BusinessLayer\Blapplication\Blapplication.csproj", "{2D13EE8A-85AD-41F3-AB14-7A4DD0717C09}"
EndProject
Project("{FAE04EC0-301F-11D3-BF4B-00C04F79EFBC}") = "BlBoleto", "..\BusinessLayer\BlBoleto\BlBoleto.csproj", "{A0D395B6-287D-4359-ABB5-D3A3F0075331}"
EndProject
Project("{FAE04EC0-301F-11D3-BF4B-00C04F79EFBC}") = "BLClaims", "..\BusinessLayer\BLClaims\BLClaims.csproj", "{53FAC8BB-C28B-49CE-A856-1CCB81137B2E}"
EndProject
Project("{FAE04EC0-301F-11D3-BF4B-00C04F79EFBC}") = "BlProcess", "..\BusinessLayer\BlProcess\BlProcess.csproj", "{B2D73A76-3F66-4283-9CC5-18AA570F28F1}"
EndProject
Project("{FAE04EC0-301F-11D3-BF4B-00C04F79EFBC}") = "Blquote", "..\BusinessLayer\Blquote\Blquote.csproj", "{AD4AED11-6EBB-4B1E-ACFB-606EBA23CED3}"
EndProject
Project("{FAE04EC0-301F-11D3-BF4B-00C04F79EFBC}") = "DataLayer", "..\DataLayer\DataLayer.csproj", "{A7B69366-3DA6-4CB3-84F3-25C88559EF12}"
EndProject
Project("{FAE04EC0-301F-11D3-BF4B-00C04F79EFBC}") = "EbixDataLayer", "..\EbixDataLayer\EbixDataLayer.csproj", "{363C4AAB-8591-4F9D-BC45-4ED497991C43}"
EndProject
Project("{FAE04EC0-301F-11D3-BF4B-00C04F79EFBC}") = "EbixDataTypes", "..\EbixDataTypes\EbixDataTypes.csproj", "{7826B9D8-F728-465D-9226-D6E86430D6C3}"
EndProject
Project("{FAE04EC0-301F-11D3-BF4B-00C04F79EFBC}") = "exceptioninterface", "..\exceptioninterface\exceptioninterface.csproj", "{57010DFF-5B55-4F1C-9A1A-4E463E19ABAA}"
EndProject
Project("{FAE04EC0-301F-11D3-BF4B-00C04F79EFBC}") = "Model", "..\Model\Model.csproj", "{8BED9EF7-4F80-4195-87FC-62CE73BC3672}"
EndProject
Project("{FAE04EC0-301F-11D3-BF4B-00C04F79EFBC}") = "exceptionpublisher", "..\exceptionpublisher\exceptionpublisher.csproj", "{276362EA-FE60-484F-A729-19248E75D239}"
EndProject
Project("{FAE04EC0-301F-11D3-BF4B-00C04F79EFBC}") = "BlClient", "..\BusinessLayer\BlClient\BlClient.csproj", "{96CD5C36-ED0F-406E-8A1D-5AD1EFAA6B20}"
EndProject
Project("{FAE04EC0-301F-11D3-BF4B-00C04F79EFBC}") = "CmsWeb", "CmsWeb\CmsWeb.csproj", "{06AA12E1-165D-491A-9124-6A4C73740E0E}"
EndProject
Global
	GlobalSection(TeamFoundationVersionControl) = preSolution
		SccNumberOfProjects = 17
		SccEnterpriseProvider = {4CA58AB2-18FA-4F8D-95D4-32DDF27D184C}
		SccTeamFoundationServer = https://teamserver.ebix.com/tfs/ebixpnc
		SccLocalPath0 = .
		SccProjectUniqueName1 = Cms.csproj
		SccLocalPath1 = .
		SccProjectUniqueName2 = ..\\BusinessLayer\\BlCommon\\BlCommon.csproj
		SccProjectName2 = ../BusinessLayer/BlCommon
		SccLocalPath2 = ..\\BusinessLayer\\BlCommon
		SccProjectUniqueName3 = ..\\BusinessLayer\\BlAccount\\BlAccount.csproj
		SccProjectName3 = ../BusinessLayer/BlAccount
		SccLocalPath3 = ..\\BusinessLayer\\BlAccount
		SccProjectUniqueName4 = ..\\BusinessLayer\\Blapplication\\Blapplication.csproj
		SccProjectName4 = ../BusinessLayer/Blapplication
		SccLocalPath4 = ..\\BusinessLayer\\Blapplication
		SccProjectUniqueName5 = ..\\BusinessLayer\\BlBoleto\\BlBoleto.csproj
		SccProjectName5 = ../BusinessLayer/BlBoleto
		SccLocalPath5 = ..\\BusinessLayer\\BlBoleto
		SccProjectUniqueName6 = ..\\BusinessLayer\\BLClaims\\BLClaims.csproj
		SccProjectName6 = ../BusinessLayer/BLClaims
		SccLocalPath6 = ..\\BusinessLayer\\BLClaims
		SccProjectUniqueName7 = ..\\BusinessLayer\\BlProcess\\BlProcess.csproj
		SccProjectName7 = ../BusinessLayer/BlProcess
		SccLocalPath7 = ..\\BusinessLayer\\BlProcess
		SccProjectUniqueName8 = ..\\BusinessLayer\\Blquote\\Blquote.csproj
		SccProjectName8 = ../BusinessLayer/Blquote
		SccLocalPath8 = ..\\BusinessLayer\\Blquote
		SccProjectUniqueName9 = ..\\DataLayer\\DataLayer.csproj
		SccProjectName9 = ../DataLayer
		SccLocalPath9 = ..\\DataLayer
		SccProjectUniqueName10 = ..\\EbixDataLayer\\EbixDataLayer.csproj
		SccProjectName10 = ../EbixDataLayer
		SccLocalPath10 = ..\\EbixDataLayer
		SccProjectUniqueName11 = ..\\EbixDataTypes\\EbixDataTypes.csproj
		SccProjectName11 = ../EbixDataTypes
		SccLocalPath11 = ..\\EbixDataTypes
		SccProjectUniqueName12 = ..\\exceptioninterface\\exceptioninterface.csproj
		SccProjectName12 = ../exceptioninterface
		SccLocalPath12 = ..\\exceptioninterface
		SccProjectUniqueName13 = ..\\Model\\Model.csproj
		SccProjectName13 = ../Model
		SccLocalPath13 = ..\\Model
		SccProjectUniqueName14 = ..\\exceptionpublisher\\exceptionpublisher.csproj
		SccProjectName14 = ../exceptionpublisher
		SccLocalPath14 = ..\\exceptionpublisher
		SccProjectUniqueName15 = ..\\BusinessLayer\\BlClient\\BlClient.csproj
		SccProjectName15 = ../BusinessLayer/BlClient
		SccLocalPath15 = ..\\BusinessLayer\\BlClient
		SccProjectUniqueName16 = CmsWeb\\CmsWeb.csproj
		SccProjectName16 = CmsWeb
		SccLocalPath16 = CmsWeb
	EndGlobalSection
	GlobalSection(SolutionConfigurationPlatforms) = preSolution
		Debug|Any CPU = Debug|Any CPU
		Release|Any CPU = Release|Any CPU
	EndGlobalSection
	GlobalSection(ProjectConfigurationPlatforms) = postSolution
		{4E169B82-0A4B-4C69-B642-91C5C1516528}.Debug|Any CPU.ActiveCfg = Debug|Any CPU
		{4E169B82-0A4B-4C69-B642-91C5C1516528}.Debug|Any CPU.Build.0 = Debug|Any CPU
		{4E169B82-0A4B-4C69-B642-91C5C1516528}.Release|Any CPU.ActiveCfg = Release|Any CPU
		{4E169B82-0A4B-4C69-B642-91C5C1516528}.Release|Any CPU.Build.0 = Release|Any CPU
		{9C17273B-F9AA-4DCE-B344-4BFD098134AA}.Debug|Any CPU.ActiveCfg = Debug|Any CPU
		{9C17273B-F9AA-4DCE-B344-4BFD098134AA}.Debug|Any CPU.Build.0 = Debug|Any CPU
		{9C17273B-F9AA-4DCE-B344-4BFD098134AA}.Release|Any CPU.ActiveCfg = Release|Any CPU
		{9C17273B-F9AA-4DCE-B344-4BFD098134AA}.Release|Any CPU.Build.0 = Release|Any CPU
		{B69C8E73-4B43-4FA6-8F9F-1E7173C169C8}.Debug|Any CPU.ActiveCfg = Debug|Any CPU
		{B69C8E73-4B43-4FA6-8F9F-1E7173C169C8}.Debug|Any CPU.Build.0 = Debug|Any CPU
		{B69C8E73-4B43-4FA6-8F9F-1E7173C169C8}.Release|Any CPU.ActiveCfg = Release|Any CPU
		{B69C8E73-4B43-4FA6-8F9F-1E7173C169C8}.Release|Any CPU.Build.0 = Release|Any CPU
		{2D13EE8A-85AD-41F3-AB14-7A4DD0717C09}.Debug|Any CPU.ActiveCfg = Debug|Any CPU
		{2D13EE8A-85AD-41F3-AB14-7A4DD0717C09}.Debug|Any CPU.Build.0 = Debug|Any CPU
		{2D13EE8A-85AD-41F3-AB14-7A4DD0717C09}.Release|Any CPU.ActiveCfg = Release|Any CPU
		{2D13EE8A-85AD-41F3-AB14-7A4DD0717C09}.Release|Any CPU.Build.0 = Release|Any CPU
		{A0D395B6-287D-4359-ABB5-D3A3F0075331}.Debug|Any CPU.ActiveCfg = Debug|Any CPU
		{A0D395B6-287D-4359-ABB5-D3A3F0075331}.Debug|Any CPU.Build.0 = Debug|Any CPU
		{A0D395B6-287D-4359-ABB5-D3A3F0075331}.Release|Any CPU.ActiveCfg = Release|Any CPU
		{A0D395B6-287D-4359-ABB5-D3A3F0075331}.Release|Any CPU.Build.0 = Release|Any CPU
		{53FAC8BB-C28B-49CE-A856-1CCB81137B2E}.Debug|Any CPU.ActiveCfg = Debug|Any CPU
		{53FAC8BB-C28B-49CE-A856-1CCB81137B2E}.Debug|Any CPU.Build.0 = Debug|Any CPU
		{53FAC8BB-C28B-49CE-A856-1CCB81137B2E}.Release|Any CPU.ActiveCfg = Release|Any CPU
		{53FAC8BB-C28B-49CE-A856-1CCB81137B2E}.Release|Any CPU.Build.0 = Release|Any CPU
		{B2D73A76-3F66-4283-9CC5-18AA570F28F1}.Debug|Any CPU.ActiveCfg = Debug|Any CPU
		{B2D73A76-3F66-4283-9CC5-18AA570F28F1}.Debug|Any CPU.Build.0 = Debug|Any CPU
		{B2D73A76-3F66-4283-9CC5-18AA570F28F1}.Release|Any CPU.ActiveCfg = Release|Any CPU
		{B2D73A76-3F66-4283-9CC5-18AA570F28F1}.Release|Any CPU.Build.0 = Release|Any CPU
		{AD4AED11-6EBB-4B1E-ACFB-606EBA23CED3}.Debug|Any CPU.ActiveCfg = Debug|Any CPU
		{AD4AED11-6EBB-4B1E-ACFB-606EBA23CED3}.Debug|Any CPU.Build.0 = Debug|Any CPU
		{AD4AED11-6EBB-4B1E-ACFB-606EBA23CED3}.Release|Any CPU.ActiveCfg = Release|Any CPU
		{AD4AED11-6EBB-4B1E-ACFB-606EBA23CED3}.Release|Any CPU.Build.0 = Release|Any CPU
		{A7B69366-3DA6-4CB3-84F3-25C88559EF12}.Debug|Any CPU.ActiveCfg = Debug|Any CPU
		{A7B69366-3DA6-4CB3-84F3-25C88559EF12}.Debug|Any CPU.Build.0 = Debug|Any CPU
		{A7B69366-3DA6-4CB3-84F3-25C88559EF12}.Release|Any CPU.ActiveCfg = Release|Any CPU
		{A7B69366-3DA6-4CB3-84F3-25C88559EF12}.Release|Any CPU.Build.0 = Release|Any CPU
		{363C4AAB-8591-4F9D-BC45-4ED497991C43}.Debug|Any CPU.ActiveCfg = Debug|Any CPU
		{363C4AAB-8591-4F9D-BC45-4ED497991C43}.Debug|Any CPU.Build.0 = Debug|Any CPU
		{363C4AAB-8591-4F9D-BC45-4ED497991C43}.Release|Any CPU.ActiveCfg = Release|Any CPU
		{363C4AAB-8591-4F9D-BC45-4ED497991C43}.Release|Any CPU.Build.0 = Release|Any CPU
		{7826B9D8-F728-465D-9226-D6E86430D6C3}.Debug|Any CPU.ActiveCfg = Debug|Any CPU
		{7826B9D8-F728-465D-9226-D6E86430D6C3}.Debug|Any CPU.Build.0 = Debug|Any CPU
		{7826B9D8-F728-465D-9226-D6E86430D6C3}.Release|Any CPU.ActiveCfg = Release|Any CPU
		{7826B9D8-F728-465D-9226-D6E86430D6C3}.Release|Any CPU.Build.0 = Release|Any CPU
		{57010DFF-5B55-4F1C-9A1A-4E463E19ABAA}.Debug|Any CPU.ActiveCfg = Debug|Any CPU
		{57010DFF-5B55-4F1C-9A1A-4E463E19ABAA}.Debug|Any CPU.Build.0 = Debug|Any CPU
		{57010DFF-5B55-4F1C-9A1A-4E463E19ABAA}.Release|Any CPU.ActiveCfg = Release|Any CPU
		{57010DFF-5B55-4F1C-9A1A-4E463E19ABAA}.Release|Any CPU.Build.0 = Release|Any CPU
		{8BED9EF7-4F80-4195-87FC-62CE73BC3672}.Debug|Any CPU.ActiveCfg = Debug|Any CPU
		{8BED9EF7-4F80-4195-87FC-62CE73BC3672}.Debug|Any CPU.Build.0 = Debug|Any CPU
		{8BED9EF7-4F80-4195-87FC-62CE73BC3672}.Release|Any CPU.ActiveCfg = Release|Any CPU
		{8BED9EF7-4F80-4195-87FC-62CE73BC3672}.Release|Any CPU.Build.0 = Release|Any CPU
		{276362EA-FE60-484F-A729-19248E75D239}.Debug|Any CPU.ActiveCfg = Debug|Any CPU
		{276362EA-FE60-484F-A729-19248E75D239}.Debug|Any CPU.Build.0 = Debug|Any CPU
		{276362EA-FE60-484F-A729-19248E75D239}.Release|Any CPU.ActiveCfg = Release|Any CPU
		{276362EA-FE60-484F-A729-19248E75D239}.Release|Any CPU.Build.0 = Release|Any CPU
		{96CD5C36-ED0F-406E-8A1D-5AD1EFAA6B20}.Debug|Any CPU.ActiveCfg = Debug|Any CPU
		{96CD5C36-ED0F-406E-8A1D-5AD1EFAA6B20}.Debug|Any CPU.Build.0 = Debug|Any CPU
		{96CD5C36-ED0F-406E-8A1D-5AD1EFAA6B20}.Release|Any CPU.ActiveCfg = Release|Any CPU
		{96CD5C36-ED0F-406E-8A1D-5AD1EFAA6B20}.Release|Any CPU.Build.0 = Release|Any CPU
		{06AA12E1-165D-491A-9124-6A4C73740E0E}.Debug|Any CPU.ActiveCfg = Debug|Any CPU
		{06AA12E1-165D-491A-9124-6A4C73740E0E}.Debug|Any CPU.Build.0 = Debug|Any CPU
		{06AA12E1-165D-491A-9124-6A4C73740E0E}.Release|Any CPU.ActiveCfg = Release|Any CPU
		{06AA12E1-165D-491A-9124-6A4C73740E0E}.Release|Any CPU.Build.0 = Release|Any CPU
	EndGlobalSection
	GlobalSection(SolutionProperties) = preSolution
		HideSolutionNode = FALSE
	EndGlobalSection
EndGlobal
